version = 1
revision = 3
requires-python = ">=3.13"

[[package]]
name = "aws-lambda-powertools"
version = "3.30.0"
source = { registry = "https://pypi.org/simple" }
dependencies = [
    { name = "jmespath" },
    { name = "typing-extensions" },
]
sdist = { url = "https://files.pythonhosted.org/packages/87/ca/61a7a3dd7abda4df2abd6de8e6997873abc21a31aa291287d9ec48407655/aws_lambda_powertools-3.30.0.tar.gz", hash = "sha256:91e777176a57ddff46b1d5e1d6e2d7dd71739c2383320854f80d51cf00faf0f1", size = 784391, upload-time = "2026-06-24T16:37:06.6Z" }
wheels = [
    { url = "https://files.pythonhosted.org/packages/74/12/de52e7975c793f67f6d39407c2f454fbb3ffaaf37e64aa54038f8bc65452/aws_lambda_powertools-3.30.0-py3-none-any.whl", hash = "sha256:6fe0a56c05a66702dbadeb52e457ef621109db753f867b43f5b32281ca627363", size = 935112, upload-time = "2026-06-24T16:37:04.808Z" },
]

[[package]]
name = "jmespath"
version = "1.1.0"
source = { registry = "https://pypi.org/simple" }
sdist = { url = "https://files.pythonhosted.org/packages/d3/59/322338183ecda247fb5d1763a6cbe46eff7222eaeebafd9fa65d4bf5cb11/jmespath-1.1.0.tar.gz", hash = "sha256:472c87d80f36026ae83c6ddd0f1d05d4e510134ed462851fd5f754c8c3cbb88d", size = 27377, upload-time = "2026-01-22T16:35:26.279Z" }
wheels = [
    { url = "https://files.pythonhosted.org/packages/14/2f/967ba146e6d58cf6a652da73885f52fc68001525b4197effc174321d70b4/jmespath-1.1.0-py3-none-any.whl", hash = "sha256:a5663118de4908c91729bea0acadca56526eb2698e83de10cd116ae0f4e97c64", size = 20419, upload-time = "2026-01-22T16:35:24.919Z" },
]

[[package]]
name = "picofun-github-app-layer"
version = "0.1.0"
source = { editable = "." }
dependencies = [
    { name = "aws-lambda-powertools" },
]

[package.metadata]
requires-dist = [{ name = "aws-lambda-powertools", specifier = "~=3.30" }]

[[package]]
name = "typing-extensions"
version = "4.15.0"
source = { registry = "https://pypi.org/simple" }
sdist = { url = "https://files.pythonhosted.org/packages/72/94/1a15dd82efb362ac84269196e94cf00f187f7ed21c242792a923cdb1c61f/typing_extensions-4.15.0.tar.gz", hash = "sha256:0cea48d173cc12fa28ecabc3b837ea3cf6f38c6d1136f85cbaaf598984861466", size = 109391, upload-time = "2025-08-25T13:49:26.313Z" }
wheels = [
    { url = "https://files.pythonhosted.org/packages/18/67/36e9267722cc04a6b9f15c7f3441c2363321a3ea07da7ae0c0707beb2a9c/typing_extensions-4.15.0-py3-none-any.whl", hash = "sha256:f0fa19c6845758ab08074a0cfa8b7aecb71c999ca73d62883bc25cc018c4e548", size = 44614, upload-time = "2025-08-25T13:49:24.86Z" },
]
